
Microsoft Visual Studio Solution File, Format Version 12.00
# Visual Studio Version 17
VisualStudioVersion = 17.4.33213.308
MinimumVisualStudioVersion = 10.0.40219.1
Project("{9A19103F-16F7-4668-BE54-9A1E7A4F7556}") = "SaleManagerment_WPF", "SaleManagerment_WPF\SaleManagerment_WPF.csproj", "{48A85E4C-39E1-4590-A08A-97BE46726085}"
EndProject
Project("{FAE04EC0-301F-11D3-BF4B-00C04F79EFBC}") = "SaleManagerLibrary", "SaleManagerLibrary\SaleManagerLibrary.csproj", "{A92CD6DE-ADFD-44C1-BDE8-F9C05668C558}"
EndProject
Project("{FAE04EC0-301F-11D3-BF4B-00C04F79EFBC}") = "SaleManagerDataAcess", "SaleManagerDataAcess\SaleManagerDataAcess.csproj", "{B9EF7736-F7B1-4687-9175-679E46E5F646}"
EndProject
Global
	GlobalSection(SolutionConfigurationPlatforms) = preSolution
		Debug|Any CPU = Debug|Any CPU
		Release|Any CPU = Release|Any CPU
	EndGlobalSection
	GlobalSection(ProjectConfigurationPlatforms) = postSolution
		{48A85E4C-39E1-4590-A08A-97BE46726085}.Debug|Any CPU.ActiveCfg = Debug|Any CPU
		{48A85E4C-39E1-4590-A08A-97BE46726085}.Debug|Any CPU.Build.0 = Debug|Any CPU
		{48A85E4C-39E1-4590-A08A-97BE46726085}.Release|Any CPU.ActiveCfg = Release|Any CPU
		{48A85E4C-39E1-4590-A08A-97BE46726085}.Release|Any CPU.Build.0 = Release|Any CPU
		{A92CD6DE-ADFD-44C1-BDE8-F9C05668C558}.Debug|Any CPU.ActiveCfg = Debug|Any CPU
		{A92CD6DE-ADFD-44C1-BDE8-F9C05668C558}.Debug|Any CPU.Build.0 = Debug|Any CPU
		{A92CD6DE-ADFD-44C1-BDE8-F9C05668C558}.Release|Any CPU.ActiveCfg = Release|Any CPU
		{A92CD6DE-ADFD-44C1-BDE8-F9C05668C558}.Release|Any CPU.Build.0 = Release|Any CPU
		{B9EF7736-F7B1-4687-9175-679E46E5F646}.Debug|Any CPU.ActiveCfg = Debug|Any CPU
		{B9EF7736-F7B1-4687-9175-679E46E5F646}.Debug|Any CPU.Build.0 = Debug|Any CPU
		{B9EF7736-F7B1-4687-9175-679E46E5F646}.Release|Any CPU.ActiveCfg = Release|Any CPU
		{B9EF7736-F7B1-4687-9175-679E46E5F646}.Release|Any CPU.Build.0 = Release|Any CPU
	EndGlobalSection
	GlobalSection(SolutionProperties) = preSolution
		HideSolutionNode = FALSE
	EndGlobalSection
	GlobalSection(ExtensibilityGlobals) = postSolution
		SolutionGuid = {143ED35A-D4A5-47C8-A667-D9C67D379716}
	EndGlobalSection
EndGlobal
